// !$*UTF8*$!
{
	archiveVersion = 1;
	classes = {
	};
	objectVersion = 46;
	objects = {

/* Begin PBXBuildFile section */
		D1798F8F1AC5266300C5E85A /* main.cpp in Sources */ = {isa = PBXBuildFile; fileRef = D1798F8E1AC5266300C5E85A /* main.cpp */; };
/* End PBXBuildFile section */

/* Begin PBXCopyFilesBuildPhase section */
		D1798F891AC5266300C5E85A /* CopyFiles */ = {
			isa = PBXCopyFilesBuildPhase;
			buildActionMask = 2147483647;
			dstPath = /usr/share/man/man1/;
			dstSubfolderSpec = 0;
			files = (
			);
			runOnlyForDeploymentPostprocessing = 1;
		};
/* End PBXCopyFilesBuildPhase section */

/* Begin PBXFileReference section */
		D1798F8B1AC5266300C5E85A /* DijkstraPrim */ = {isa = PBXFileReference; explicitFileType = "compiled.mach-o.executable"; includeInIndex = 0; path = DijkstraPrim; sourceTree = BUILT_PRODUCTS_DIR; };
		D1798F8E1AC5266300C5E85A /* main.cpp */ = {isa = PBXFileReference; lastKnownFileType = sourcecode.cpp.cpp; path = main.cpp; sourceTree = "<group>"; };
/* End PBXFileReference section */

/* Begin PBXFrameworksBuildPhase section */
		D1798F881AC5266300C5E85A /* Frameworks */ = {
			isa = PBXFrameworksBuildPhase;
			buildActionMask = 2147483647;
			files = (
			);
			runOnlyForDeploymentPostprocessing = 0;
		};
/* End PBXFrameworksBuildPhase section */

/* Begin PBXGroup section */
		D1798F821AC5266300C5E85A = {
			isa = PBXGroup;
			children = (
				D1798F8D1AC5266300C5E85A /* DijkstraPrim */,
				D1798F8C1AC5266300C5E85A /* Products */,
			);
			sourceTree = "<group>";
		};
		D1798F8C1AC5266300C5E85A /* Products */ = {
			isa = PBXGroup;
			children = (
				D1798F8B1AC5266300C5E85A /* DijkstraPrim */,
			);
			name = Products;
			sourceTree = "<group>";
		};
		D1798F8D1AC5266300C5E85A /* DijkstraPrim */ = {
			isa = PBXGroup;
			children = (
				D1798F8E1AC5266300C5E85A /* main.cpp */,
			);
			path = DijkstraPrim;
			sourceTree = "<group>";
		};
/* End PBXGroup section */

/* Begin PBXNativeTarget section */
		D1798F8A1AC5266300C5E85A /* DijkstraPrim */ = {
			isa = PBXNativeTarget;
			buildConfigurationList = D1798F921AC5266300C5E85A /* Build configuration list for PBXNativeTarget "DijkstraPrim" */;
			buildPhases = (
				D1798F871AC5266300C5E85A /* Sources */,
				D1798F881AC5266300C5E85A /* Frameworks */,
				D1798F891AC5266300C5E85A /* CopyFiles */,
			);
			buildRules = (
			);
			dependencies = (
			);
			name = DijkstraPrim;
			productName = DijkstraPrim;
			productReference = D1798F8B1AC5266300C5E85A /* DijkstraPrim */;
			productType = "com.apple.product-type.tool";
		};
/* End PBXNativeTarget section */

/* Begin PBXProject section */
		D1798F831AC5266300C5E85A /* Project object */ = {
			isa = PBXProject;
			attributes = {
				LastUpgradeCheck = 0620;
				ORGANIZATIONNAME = "Axel Suarez";
				TargetAttributes = {
					D1798F8A1AC5266300C5E85A = {
						CreatedOnToolsVersion = 6.2;
					};
				};
			};
			buildConfigurationList = D1798F861AC5266300C5E85A /* Build configuration list for PBXProject "DijkstraPrim" */;
			compatibilityVersion = "Xcode 3.2";
			developmentRegion = English;
			hasScannedForEncodings = 0;
			knownRegions = (
				en,
			);
			mainGroup = D1798F821AC5266300C5E85A;
			productRefGroup = D1798F8C1AC5266300C5E85A /* Products */;
			projectDirPath = "";
			projectRoot = "";
			targets = (
				D1798F8A1AC5266300C5E85A /* DijkstraPrim */,
			);
		};
/* End PBXProject section */

/* Begin PBXSourcesBuildPhase section */
		D1798F871AC5266300C5E85A /* Sources */ = {
			isa = PBXSourcesBuildPhase;
			buildActionMask = 2147483647;
			files = (
				D1798F8F1AC5266300C5E85A /* main.cpp in Sources */,
			);
			runOnlyForDeploymentPostprocessing = 0;
		};
/* End PBXSourcesBuildPhase section */

/* Begin XCBuildConfiguration section */
		D1798F901AC5266300C5E85A /* Debug */ = {
			isa = XCBuildConfiguration;
			buildSettings = {
				ALWAYS_SEARCH_USER_PATHS = NO;
				CLANG_CXX_LANGUAGE_STANDARD = "gnu++0x";
				CLANG_CXX_LIBRARY = "libc++";
				CLANG_ENABLE_MODULES = YES;
				CLANG_ENABLE_OBJC_ARC = YES;
				CLANG_WARN_BOOL_CONVERSION = YES;
				CLANG_WARN_CONSTANT_CONVERSION = YES;
				CLANG_WARN_DIRECT_OBJC_ISA_USAGE = YES_ERROR;
				CLANG_WARN_EMPTY_BODY = YES;
				CLANG_WARN_ENUM_CONVERSION = YES;
				CLANG_WARN_INT_CONVERSION = YES;
				CLANG_WARN_OBJC_ROOT_CLASS = YES_ERROR;
				CLANG_WARN_UNREACHABLE_CODE = YES;
				CLANG_WARN__DUPLICATE_METHOD_MATCH = YES;
				COPY_PHASE_STRIP = NO;
				ENABLE_STRICT_OBJC_MSGSEND = YES;
				GCC_C_LANGUAGE_STANDARD = gnu99;
				GCC_DYNAMIC_NO_PIC = NO;
				GCC_OPTIMIZATION_LEVEL = 0;
				GCC_PREPROCESSOR_DEFINITIONS = (
					"DEBUG=1",
					"$(inherited)",
				);
				GCC_SYMBOLS_PRIVATE_EXTERN = NO;
				GCC_WARN_64_TO_32_BIT_CONVERSION = YES;
				GCC_WARN_ABOUT_RETURN_TYPE = YES_ERROR;
				GCC_WARN_UNDECLARED_SELECTOR = YES;
				GCC_WARN_UNINITIALIZED_AUTOS = YES_AGGRESSIVE;
				GCC_WARN_UNUSED_FUNCTION = YES;
				GCC_WARN_UNUSED_VARIABLE = YES;
				MACOSX_DEPLOYMENT_TARGET = 10.10;
				MTL_ENABLE_DEBUG_INFO = YES;
				ONLY_ACTIVE_ARCH = YES;
				SDKROOT = macosx;
			};
			name = Debug;
		};
		D1798F911AC5266300C5E85A /* Release */ = {
			isa = XCBuildConfiguration;
			buildSettings = {
				ALWAYS_SEARCH_USER_PATHS = NO;
				CLANG_CXX_LANGUAGE_STANDARD = "gnu++0x";
				CLANG_CXX_LIBRARY = "libc++";
				CLANG_ENABLE_MODULES = YES;
				CLANG_ENABLE_OBJC_ARC = YES;
				CLANG_WARN_BOOL_CONVERSION = YES;
				CLANG_WARN_CONSTANT_CONVERSION = YES;
				CLANG_WARN_DIRECT_OBJC_ISA_USAGE = YES_ERROR;
				CLANG_WARN_EMPTY_BODY = YES;
				CLANG_WARN_ENUM_CONVERSION = YES;
				CLANG_WARN_INT_CONVERSION = YES;
				CLANG_WARN_OBJC_ROOT_CLASS = YES_ERROR;
				CLANG_WARN_UNREACHABLE_CODE = YES;
				CLANG_WARN__DUPLICATE_METHOD_MATCH = YES;
				COPY_PHASE_STRIP = NO;
				DEBUG_INFORMATION_FORMAT = "dwarf-with-dsym";
				ENABLE_NS_ASSERTIONS = NO;
				ENABLE_STRICT_OBJC_MSGSEND = YES;
				GCC_C_LANGUAGE_STANDARD = gnu99;
				GCC_WARN_64_TO_32_BIT_CONVERSION = YES;
				GCC_WARN_ABOUT_RETURN_TYPE = YES_ERROR;
				GCC_WARN_UNDECLARED_SELECTOR = YES;
				GCC_WARN_UNINITIALIZED_AUTOS = YES_AGGRESSIVE;
				GCC_WARN_UNUSED_FUNCTION = YES;
				GCC_WARN_UNUSED_VARIABLE = YES;
				MACOSX_DEPLOYMENT_TARGET = 10.10;
				MTL_ENABLE_DEBUG_INFO = NO;
				SDKROOT = macosx;
			};
			name = Release;
		};
		D1798F931AC5266300C5E85A /* Debug */ = {
			isa = XCBuildConfiguration;
			buildSettings = {
				PRODUCT_NAME = "$(TARGET_NAME)";
			};
			name = Debug;
		};
		D1798F941AC5266300C5E85A /* Release */ = {
			isa = XCBuildConfiguration;
			buildSettings = {
				PRODUCT_NAME = "$(TARGET_NAME)";
			};
			name = Release;
		};
/* End XCBuildConfiguration section */

/* Begin XCConfigurationList section */
		D1798F861AC5266300C5E85A /* Build configuration list for PBXProject "DijkstraPrim" */ = {
			isa = XCConfigurationList;
			buildConfigurations = (
				D1798F901AC5266300C5E85A /* Debug */,
				D1798F911AC5266300C5E85A /* Release */,
			);
			defaultConfigurationIsVisible = 0;
			defaultConfigurationName = Release;
		};
		D1798F921AC5266300C5E85A /* Build configuration list for PBXNativeTarget "DijkstraPrim" */ = {
			isa = XCConfigurationList;
			buildConfigurations = (
				D1798F931AC5266300C5E85A /* Debug */,
				D1798F941AC5266300C5E85A /* Release */,
			);
			defaultConfigurationIsVisible = 0;
		};
/* End XCConfigurationList section */
	};
	rootObject = D1798F831AC5266300C5E85A /* Project object */;
}
